// !$*UTF8*$!
{
	archiveVersion = 1;
	classes = {
	};
	objectVersion = 77;
	objects = {

/* Begin PBXBuildFile section */
		7975A8AB2F895F48003ECD57 /* GoogleSignIn in Frameworks */ = {isa = PBXBuildFile; productRef = AA000001000000000000001B /* GoogleSignIn */; };
		7975A8AC2F895F48003ECD57 /* GoogleSignInSwift in Frameworks */ = {isa = PBXBuildFile; productRef = AA000001000000000000001C /* GoogleSignInSwift */; };
		7975A8AD2F895F48003ECD57 /* GoogleSignIn in Frameworks */ = {isa = PBXBuildFile; productRef = AA000001000000000000001B /* GoogleSignIn */; };
		7975A8AE2F895F48003ECD57 /* GoogleSignInSwift in Frameworks */ = {isa = PBXBuildFile; productRef = AA000001000000000000001C /* GoogleSignInSwift */; };
/* End PBXBuildFile section */

/* Begin PBXContainerItemProxy section */
		79514C202F88589000CB7190 /* PBXContainerItemProxy */ = {
			isa = PBXContainerItemProxy;
			containerPortal = 79514C082F88588F00CB7190 /* Project object */;
			proxyType = 1;
			remoteGlobalIDString = 79514C0F2F88588F00CB7190;
			remoteInfo = PiumsCliente;
		};
		79514C2A2F88589000CB7190 /* PBXContainerItemProxy */ = {
			isa = PBXContainerItemProxy;
			containerPortal = 79514C082F88588F00CB7190 /* Project object */;
			proxyType = 1;
			remoteGlobalIDString = 79514C0F2F88588F00CB7190;
			remoteInfo = PiumsCliente;
		};
/* End PBXContainerItemProxy section */

/* Begin PBXFileReference section */
		79514C102F88588F00CB7190 /* PiumsCliente.app */ = {isa = PBXFileReference; explicitFileType = wrapper.application; includeInIndex = 0; path = PiumsCliente.app; sourceTree = BUILT_PRODUCTS_DIR; };
		79514C1F2F88589000CB7190 /* PiumsClienteTests.xctest */ = {isa = PBXFileReference; explicitFileType = wrapper.cfbundle; includeInIndex = 0; path = PiumsClienteTests.xctest; sourceTree = BUILT_PRODUCTS_DIR; };
		79514C292F88589000CB7190 /* PiumsClienteUITests.xctest */ = {isa = PBXFileReference; explicitFileType = wrapper.cfbundle; includeInIndex = 0; path = PiumsClienteUITests.xctest; sourceTree = BUILT_PRODUCTS_DIR; };
/* End PBXFileReference section */

/* Begin PBXFileSystemSynchronizedRootGroup section */
		79514C122F88588F00CB7190 /* PiumsCliente */ = {
			isa = PBXFileSystemSynchronizedRootGroup;
			path = PiumsCliente;
			sourceTree = "<group>";
		};
		79514C222F88589000CB7190 /* PiumsClienteTests */ = {
			isa = PBXFileSystemSynchronizedRootGroup;
			path = PiumsClienteTests;
			sourceTree = "<group>";
		};
		79514C2C2F88589000CB7190 /* PiumsClienteUITests */ = {
			isa = PBXFileSystemSynchronizedRootGroup;
			path = PiumsClienteUITests;
			sourceTree = "<group>";
		};
/* End PBXFileSystemSynchronizedRootGroup section */

/* Begin PBXFrameworksBuildPhase section */
		79514C0D2F88588F00CB7190 /* Frameworks */ = {
			isa = PBXFrameworksBuildPhase;
			buildActionMask = 2147483647;
			files = (
				7975A8AE2F895F48003ECD57 /* GoogleSignInSwift in Frameworks */,
				7975A8AD2F895F48003ECD57 /* GoogleSignIn in Frameworks */,
				7975A8AC2F895F48003ECD57 /* GoogleSignInSwift in Frameworks */,
				7975A8AB2F895F48003ECD57 /* GoogleSignIn in Frameworks */,
			);
			runOnlyForDeploymentPostprocessing = 0;
		};
		79514C1C2F88589000CB7190 /* Frameworks */ = {
			isa = PBXFrameworksBuildPhase;
			buildActionMask = 2147483647;
			files = (
			);
			runOnlyForDeploymentPostprocessing = 0;
		};
		79514C262F88589000CB7190 /* Frameworks */ = {
			isa = PBXFrameworksBuildPhase;
			buildActionMask = 2147483647;
			files = (
			);
			runOnlyForDeploymentPostprocessing = 0;
		};
/* End PBXFrameworksBuildPhase section */

/* Begin PBXGroup section */
		79514C072F88588F00CB7190 = {
			isa = PBXGroup;
			children = (
				79514C122F88588F00CB7190 /* PiumsCliente */,
				79514C222F88589000CB7190 /* PiumsClienteTests */,
				79514C2C2F88589000CB7190 /* PiumsClienteUITests */,
				79514C112F88588F00CB7190 /* Products */,
			);
			sourceTree = "<group>";
		};
		79514C112F88588F00CB7190 /* Products */ = {
			isa = PBXGroup;
			children = (
				79514C102F88588F00CB7190 /* PiumsCliente.app */,
				79514C1F2F88589000CB7190 /* PiumsClienteTests.xctest */,
				79514C292F88589000CB7190 /* PiumsClienteUITests.xctest */,
			);
			name = Products;
			sourceTree = "<group>";
		};
/* End PBXGroup section */

/* Begin PBXNativeTarget section */
		79514C0F2F88588F00CB7190 /* PiumsCliente */ = {
			isa = PBXNativeTarget;
			buildConfigurationList = 79514C332F88589000CB7190 /* Build configuration list for PBXNativeTarget "PiumsCliente" */;
			buildPhases = (
				79514C0C2F88588F00CB7190 /* Sources */,
				79514C0D2F88588F00CB7190 /* Frameworks */,
				79514C0E2F88588F00CB7190 /* Resources */,
			);
			buildRules = (
			);
			dependencies = (
			);
			fileSystemSynchronizedGroups = (
				79514C122F88588F00CB7190 /* PiumsCliente */,
			);
			name = PiumsCliente;
			packageProductDependencies = (
				AA000001000000000000001B /* GoogleSignIn */,
				AA000001000000000000001C /* GoogleSignInSwift */,
				AA000001000000000000001B /* GoogleSignIn */,
				AA000001000000000000001C /* GoogleSignInSwift */,
			);
			productName = PiumsCliente;
			productReference = 79514C102F88588F00CB7190 /* PiumsCliente.app */;
			productType = "com.apple.product-type.application";
		};
		79514C1E2F88589000CB7190 /* PiumsClienteTests */ = {
			isa = PBXNativeTarget;
			buildConfigurationList = 79514C362F88589000CB7190 /* Build configuration list for PBXNativeTarget "PiumsClienteTests" */;
			buildPhases = (
				79514C1B2F88589000CB7190 /* Sources */,
				79514C1C2F88589000CB7190 /* Frameworks */,
				79514C1D2F88589000CB7190 /* Resources */,
			);
			buildRules = (
			);
			dependencies = (
				79514C212F88589000CB7190 /* PBXTargetDependency */,
			);
			fileSystemSynchronizedGroups = (
				79514C222F88589000CB7190 /* PiumsClienteTests */,
			);
			name = PiumsClienteTests;
			packageProductDependencies = (
			);
			productName = PiumsClienteTests;
			productReference = 79514C1F2F88589000CB7190 /* PiumsClienteTests.xctest */;
			productType = "com.apple.product-type.bundle.unit-test";
		};
		79514C282F88589000CB7190 /* PiumsClienteUITests */ = {
			isa = PBXNativeTarget;
			buildConfigurationList = 79514C392F88589000CB7190 /* Build configuration list for PBXNativeTarget "PiumsClienteUITests" */;
			buildPhases = (
				79514C252F88589000CB7190 /* Sources */,
				79514C262F88589000CB7190 /* Frameworks */,
				79514C272F88589000CB7190 /* Resources */,
			);
			buildRules = (
			);
			dependencies = (
				79514C2B2F88589000CB7190 /* PBXTargetDependency */,
			);
			fileSystemSynchronizedGroups = (
				79514C2C2F88589000CB7190 /* PiumsClienteUITests */,
			);
			name = PiumsClienteUITests;
			packageProductDependencies = (
			);
			productName = PiumsClienteUITests;
			productReference = 79514C292F88589000CB7190 /* PiumsClienteUITests.xctest */;
			productType = "com.apple.product-type.bundle.ui-testing";
		};
/* End PBXNativeTarget section */

/* Begin PBXProject section */
		79514C082F88588F00CB7190 /* Project object */ = {
			isa = PBXProject;
			attributes = {
				BuildIndependentTargetsInParallel = 1;
				LastSwiftUpdateCheck = 2620;
				LastUpgradeCheck = 2620;
				TargetAttributes = {
					79514C0F2F88588F00CB7190 = {
						CreatedOnToolsVersion = 26.2;
					};
					79514C1E2F88589000CB7190 = {
						CreatedOnToolsVersion = 26.2;
						TestTargetID = 79514C0F2F88588F00CB7190;
					};
					79514C282F88589000CB7190 = {
						CreatedOnToolsVersion = 26.2;
						TestTargetID = 79514C0F2F88588F00CB7190;
					};
				};
			};
			buildConfigurationList = 79514C0B2F88588F00CB7190 /* Build configuration list for PBXProject "PiumsCliente" */;
			developmentRegion = en;
			hasScannedForEncodings = 0;
			knownRegions = (
				en,
				Base,
			);
			mainGroup = 79514C072F88588F00CB7190;
			minimizedProjectReferenceProxies = 1;
			packageReferences = (
				AA000001000000000000001A /* XCRemoteSwiftPackageReference "GoogleSignIn-iOS" */,
			);
			preferredProjectObjectVersion = 77;
			productRefGroup = 79514C112F88588F00CB7190 /* Products */;
			projectDirPath = "";
			projectRoot = "";
			targets = (
				79514C0F2F88588F00CB7190 /* PiumsCliente */,
				79514C1E2F88589000CB7190 /* PiumsClienteTests */,
				79514C282F88589000CB7190 /* PiumsClienteUITests */,
			);
		};
/* End PBXProject section */

/* Begin PBXResourcesBuildPhase section */
		79514C0E2F88588F00CB7190 /* Resources */ = {
			isa = PBXResourcesBuildPhase;
			buildActionMask = 2147483647;
			files = (
			);
			runOnlyForDeploymentPostprocessing = 0;
		};
		79514C1D2F88589000CB7190 /* Resources */ = {
			isa = PBXResourcesBuildPhase;
			buildActionMask = 2147483647;
			files = (
			);
			runOnlyForDeploymentPostprocessing = 0;
		};
		79514C272F88589000CB7190 /* Resources */ = {
			isa = PBXResourcesBuildPhase;
			buildActionMask = 2147483647;
			files = (
			);
			runOnlyForDeploymentPostprocessing = 0;
		};
/* End PBXResourcesBuildPhase section */

/* Begin PBXSourcesBuildPhase section */
		79514C0C2F88588F00CB7190 /* Sources */ = {
			isa = PBXSourcesBuildPhase;
			buildActionMask = 2147483647;
			files = (
			);
			runOnlyForDeploymentPostprocessing = 0;
		};
		79514C1B2F88589000CB7190 /* Sources */ = {
			isa = PBXSourcesBuildPhase;
			buildActionMask = 2147483647;
			files = (
			);
			runOnlyForDeploymentPostprocessing = 0;
		};
		79514C252F88589000CB7190 /* Sources */ = {
			isa = PBXSourcesBuildPhase;
			buildActionMask = 2147483647;
			files = (
			);
			runOnlyForDeploymentPostprocessing = 0;
		};
/* End PBXSourcesBuildPhase section */

/* Begin PBXTargetDependency section */
		79514C212F88589000CB7190 /* PBXTargetDependency */ = {
			isa = PBXTargetDependency;
			target = 79514C0F2F88588F00CB7190 /* PiumsCliente */;
			targetProxy = 79514C202F88589000CB7190 /* PBXContainerItemProxy */;
		};
		79514C2B2F88589000CB7190 /* PBXTargetDependency */ = {
			isa = PBXTargetDependency;
			target = 79514C0F2F88588F00CB7190 /* PiumsCliente */;
			targetProxy = 79514C2A2F88589000CB7190 /* PBXContainerItemProxy */;
		};
/* End PBXTargetDependency section */

/* Begin XCBuildConfiguration section */
		79514C312F88589000CB7190 /* Debug */ = {
			isa = XCBuildConfiguration;
			buildSettings = {
				ALWAYS_SEARCH_USER_PATHS = NO;
				ASSETCATALOG_COMPILER_GENERATE_SWIFT_ASSET_SYMBOL_EXTENSIONS = YES;
				CLANG_ANALYZER_NONNULL = YES;
				CLANG_ANALYZER_NUMBER_OBJECT_CONVERSION = YES_AGGRESSIVE;
				CLANG_CXX_LANGUAGE_STANDARD = "gnu++20";
				CLANG_ENABLE_MODULES = YES;
				CLANG_ENABLE_OBJC_ARC = YES;
				CLANG_ENABLE_OBJC_WEAK = YES;
				CLANG_WARN_BLOCK_CAPTURE_AUTORELEASING = YES;
				CLANG_WARN_BOOL_CONVERSION = YES;
				CLANG_WARN_COMMA = YES;
				CLANG_WARN_CONSTANT_CONVERSION = YES;
				CLANG_WARN_DEPRECATED_OBJC_IMPLEMENTATIONS = YES;
				CLANG_WARN_DIRECT_OBJC_ISA_USAGE = YES_ERROR;
				CLANG_WARN_DOCUMENTATION_COMMENTS = YES;
				CLANG_WARN_EMPTY_BODY = YES;
				CLANG_WARN_ENUM_CONVERSION = YES;
				CLANG_WARN_INFINITE_RECURSION = YES;
				CLANG_WARN_INT_CONVERSION = YES;
				CLANG_WARN_NON_LITERAL_NULL_CONVERSION = YES;
				CLANG_WARN_OBJC_IMPLICIT_RETAIN_SELF = YES;
				CLANG_WARN_OBJC_LITERAL_CONVERSION = YES;
				CLANG_WARN_OBJC_ROOT_CLASS = YES_ERROR;
				CLANG_WARN_QUOTED_INCLUDE_IN_FRAMEWORK_HEADER = YES;
				CLANG_WARN_RANGE_LOOP_ANALYSIS = YES;
				CLANG_WARN_STRICT_PROTOTYPES = YES;
				CLANG_WARN_SUSPICIOUS_MOVE = YES;
				CLANG_WARN_UNGUARDED_AVAILABILITY = YES_AGGRESSIVE;
				CLANG_WARN_UNREACHABLE_CODE = YES;
				CLANG_WARN__DUPLICATE_METHOD_MATCH = YES;
				COPY_PHASE_STRIP = NO;
				DEBUG_INFORMATION_FORMAT = dwarf;
				ENABLE_STRICT_OBJC_MSGSEND = YES;
				ENABLE_TESTABILITY = YES;
				ENABLE_USER_SCRIPT_SANDBOXING = YES;
				GCC_C_LANGUAGE_STANDARD = gnu17;
				GCC_DYNAMIC_NO_PIC = NO;
				GCC_NO_COMMON_BLOCKS = YES;
				GCC_OPTIMIZATION_LEVEL = 0;
				GCC_PREPROCESSOR_DEFINITIONS = (
					"DEBUG=1",
					"$(inherited)",
				);
				GCC_WARN_64_TO_32_BIT_CONVERSION = YES;
				GCC_WARN_ABOUT_RETURN_TYPE = YES_ERROR;
				GCC_WARN_UNDECLARED_SELECTOR = YES;
				GCC_WARN_UNINITIALIZED_AUTOS = YES_AGGRESSIVE;
				GCC_WARN_UNUSED_FUNCTION = YES;
				GCC_WARN_UNUSED_VARIABLE = YES;
				IPHONEOS_DEPLOYMENT_TARGET = 26.2;
				LOCALIZATION_PREFERS_STRING_CATALOGS = YES;
				MTL_ENABLE_DEBUG_INFO = INCLUDE_SOURCE;
				MTL_FAST_MATH = YES;
				ONLY_ACTIVE_ARCH = YES;
				SDKROOT = iphoneos;
				SWIFT_ACTIVE_COMPILATION_CONDITIONS = "DEBUG $(inherited)";
				SWIFT_OPTIMIZATION_LEVEL = "-Onone";
			};
			name = Debug;
		};
		79514C322F88589000CB7190 /* Release */ = {
			isa = XCBuildConfiguration;
			buildSettings = {
				ALWAYS_SEARCH_USER_PATHS = NO;
				ASSETCATALOG_COMPILER_GENERATE_SWIFT_ASSET_SYMBOL_EXTENSIONS = YES;
				CLANG_ANALYZER_NONNULL = YES;
				CLANG_ANALYZER_NUMBER_OBJECT_CONVERSION = YES_AGGRESSIVE;
				CLANG_CXX_LANGUAGE_STANDARD = "gnu++20";
				CLANG_ENABLE_MODULES = YES;
				CLANG_ENABLE_OBJC_ARC = YES;
				CLANG_ENABLE_OBJC_WEAK = YES;
				CLANG_WARN_BLOCK_CAPTURE_AUTORELEASING = YES;
				CLANG_WARN_BOOL_CONVERSION = YES;
				CLANG_WARN_COMMA = YES;
				CLANG_WARN_CONSTANT_CONVERSION = YES;
				CLANG_WARN_DEPRECATED_OBJC_IMPLEMENTATIONS = YES;
				CLANG_WARN_DIRECT_OBJC_ISA_USAGE = YES_ERROR;
				CLANG_WARN_DOCUMENTATION_COMMENTS = YES;
				CLANG_WARN_EMPTY_BODY = YES;
				CLANG_WARN_ENUM_CONVERSION = YES;
				CLANG_WARN_INFINITE_RECURSION = YES;
				CLANG_WARN_INT_CONVERSION = YES;
				CLANG_WARN_NON_LITERAL_NULL_CONVERSION = YES;
				CLANG_WARN_OBJC_IMPLICIT_RETAIN_SELF = YES;
				CLANG_WARN_OBJC_LITERAL_CONVERSION = YES;
				CLANG_WARN_OBJC_ROOT_CLASS = YES_ERROR;
				CLANG_WARN_QUOTED_INCLUDE_IN_FRAMEWORK_HEADER = YES;
				CLANG_WARN_RANGE_LOOP_ANALYSIS = YES;
				CLANG_WARN_STRICT_PROTOTYPES = YES;
				CLANG_WARN_SUSPICIOUS_MOVE = YES;
				CLANG_WARN_UNGUARDED_AVAILABILITY = YES_AGGRESSIVE;
				CLANG_WARN_UNREACHABLE_CODE = YES;
				CLANG_WARN__DUPLICATE_METHOD_MATCH = YES;
				COPY_PHASE_STRIP = NO;
				DEBUG_INFORMATION_FORMAT = "dwarf-with-dsym";
				ENABLE_NS_ASSERTIONS = NO;
				ENABLE_STRICT_OBJC_MSGSEND = YES;
				ENABLE_USER_SCRIPT_SANDBOXING = YES;
				GCC_C_LANGUAGE_STANDARD = gnu17;
				GCC_NO_COMMON_BLOCKS = YES;
				GCC_WARN_64_TO_32_BIT_CONVERSION = YES;
				GCC_WARN_ABOUT_RETURN_TYPE = YES_ERROR;
				GCC_WARN_UNDECLARED_SELECTOR = YES;
				GCC_WARN_UNINITIALIZED_AUTOS = YES_AGGRESSIVE;
				GCC_WARN_UNUSED_FUNCTION = YES;
				GCC_WARN_UNUSED_VARIABLE = YES;
				IPHONEOS_DEPLOYMENT_TARGET = 26.2;
				LOCALIZATION_PREFERS_STRING_CATALOGS = YES;
				MTL_ENABLE_DEBUG_INFO = NO;
				MTL_FAST_MATH = YES;
				SDKROOT = iphoneos;
				SWIFT_COMPILATION_MODE = wholemodule;
				VALIDATE_PRODUCT = YES;
			};
			name = Release;
		};
		79514C342F88589000CB7190 /* Debug */ = {
			isa = XCBuildConfiguration;
			buildSettings = {
				ASSETCATALOG_COMPILER_APPICON_NAME = AppIcon;
				ASSETCATALOG_COMPILER_GLOBAL_ACCENT_COLOR_NAME = AccentColor;
				CODE_SIGN_STYLE = Automatic;
				CURRENT_PROJECT_VERSION = 1;
				ENABLE_PREVIEWS = YES;
				GENERATE_INFOPLIST_FILE = YES;
				INFOPLIST_KEY_CFBundleURLTypes = "com.googleusercontent.apps.967320828042-ro3iao8ol9i9tmhhjbf1uqdcjrotq4ii";
				INFOPLIST_KEY_UIApplicationSceneManifest_Generation = YES;
				INFOPLIST_KEY_UIApplicationSupportsIndirectInputEvents = YES;
				INFOPLIST_KEY_UILaunchScreen_Generation = YES;
				INFOPLIST_KEY_UISupportedInterfaceOrientations_iPad = "UIInterfaceOrientationPortrait UIInterfaceOrientationPortraitUpsideDown UIInterfaceOrientationLandscapeLeft UIInterfaceOrientationLandscapeRight";
				INFOPLIST_KEY_UISupportedInterfaceOrientations_iPhone = "UIInterfaceOrientationPortrait UIInterfaceOrientationLandscapeLeft UIInterfaceOrientationLandscapeRight";
				LD_RUNPATH_SEARCH_PATHS = (
					"$(inherited)",
					"@executable_path/Frameworks",
				);
				MARKETING_VERSION = 1.0;
				PRODUCT_BUNDLE_IDENTIFIER = PIUMS.PiumsCliente;
				PRODUCT_NAME = "$(TARGET_NAME)";
				STRING_CATALOG_GENERATE_SYMBOLS = YES;
				SWIFT_APPROACHABLE_CONCURRENCY = YES;
				SWIFT_DEFAULT_ACTOR_ISOLATION = MainActor;
				SWIFT_EMIT_LOC_STRINGS = YES;
				SWIFT_UPCOMING_FEATURE_MEMBER_IMPORT_VISIBILITY = YES;
				SWIFT_VERSION = 5.0;
				TARGETED_DEVICE_FAMILY = "1,2";
			};
			name = Debug;
		};
		79514C352F88589000CB7190 /* Release */ = {
			isa = XCBuildConfiguration;
			buildSettings = {
				ASSETCATALOG_COMPILER_APPICON_NAME = AppIcon;
				ASSETCATALOG_COMPILER_GLOBAL_ACCENT_COLOR_NAME = AccentColor;
				CODE_SIGN_STYLE = Automatic;
				CURRENT_PROJECT_VERSION = 1;
				ENABLE_PREVIEWS = YES;
				GENERATE_INFOPLIST_FILE = YES;
				INFOPLIST_KEY_CFBundleURLTypes = "com.googleusercontent.apps.967320828042-ro3iao8ol9i9tmhhjbf1uqdcjrotq4ii";
				INFOPLIST_KEY_UIApplicationSceneManifest_Generation = YES;
				INFOPLIST_KEY_UIApplicationSupportsIndirectInputEvents = YES;
				INFOPLIST_KEY_UILaunchScreen_Generation = YES;
				INFOPLIST_KEY_UISupportedInterfaceOrientations_iPad = "UIInterfaceOrientationPortrait UIInterfaceOrientationPortraitUpsideDown UIInterfaceOrientationLandscapeLeft UIInterfaceOrientationLandscapeRight";
				INFOPLIST_KEY_UISupportedInterfaceOrientations_iPhone = "UIInterfaceOrientationPortrait UIInterfaceOrientationLandscapeLeft UIInterfaceOrientationLandscapeRight";
				LD_RUNPATH_SEARCH_PATHS = (
					"$(inherited)",
					"@executable_path/Frameworks",
				);
				MARKETING_VERSION = 1.0;
				PRODUCT_BUNDLE_IDENTIFIER = PIUMS.PiumsCliente;
				PRODUCT_NAME = "$(TARGET_NAME)";
				STRING_CATALOG_GENERATE_SYMBOLS = YES;
				SWIFT_APPROACHABLE_CONCURRENCY = YES;
				SWIFT_DEFAULT_ACTOR_ISOLATION = MainActor;
				SWIFT_EMIT_LOC_STRINGS = YES;
				SWIFT_UPCOMING_FEATURE_MEMBER_IMPORT_VISIBILITY = YES;
				SWIFT_VERSION = 5.0;
				TARGETED_DEVICE_FAMILY = "1,2";
			};
			name = Release;
		};
		79514C372F88589000CB7190 /* Debug */ = {
			isa = XCBuildConfiguration;
			buildSettings = {
				BUNDLE_LOADER = "$(TEST_HOST)";
				CODE_SIGN_STYLE = Automatic;
				CURRENT_PROJECT_VERSION = 1;
				GENERATE_INFOPLIST_FILE = YES;
				INFOPLIST_KEY_CFBundleURLTypes = "com.googleusercontent.apps.967320828042-ro3iao8ol9i9tmhhjbf1uqdcjrotq4ii";
				IPHONEOS_DEPLOYMENT_TARGET = 26.2;
				MARKETING_VERSION = 1.0;
				PRODUCT_BUNDLE_IDENTIFIER = PIUMS.PiumsClienteTests;
				PRODUCT_NAME = "$(TARGET_NAME)";
				STRING_CATALOG_GENERATE_SYMBOLS = NO;
				SWIFT_APPROACHABLE_CONCURRENCY = YES;
				SWIFT_EMIT_LOC_STRINGS = NO;
				SWIFT_UPCOMING_FEATURE_MEMBER_IMPORT_VISIBILITY = YES;
				SWIFT_VERSION = 5.0;
				TARGETED_DEVICE_FAMILY = "1,2";
				TEST_HOST = "$(BUILT_PRODUCTS_DIR)/PiumsCliente.app/$(BUNDLE_EXECUTABLE_FOLDER_PATH)/PiumsCliente";
			};
			name = Debug;
		};
		79514C382F88589000CB7190 /* Release */ = {
			isa = XCBuildConfiguration;
			buildSettings = {
				BUNDLE_LOADER = "$(TEST_HOST)";
				CODE_SIGN_STYLE = Automatic;
				CURRENT_PROJECT_VERSION = 1;
				GENERATE_INFOPLIST_FILE = YES;
				INFOPLIST_KEY_CFBundleURLTypes = "com.googleusercontent.apps.967320828042-ro3iao8ol9i9tmhhjbf1uqdcjrotq4ii";
				IPHONEOS_DEPLOYMENT_TARGET = 26.2;
				MARKETING_VERSION = 1.0;
				PRODUCT_BUNDLE_IDENTIFIER = PIUMS.PiumsClienteTests;
				PRODUCT_NAME = "$(TARGET_NAME)";
				STRING_CATALOG_GENERATE_SYMBOLS = NO;
				SWIFT_APPROACHABLE_CONCURRENCY = YES;
				SWIFT_EMIT_LOC_STRINGS = NO;
				SWIFT_UPCOMING_FEATURE_MEMBER_IMPORT_VISIBILITY = YES;
				SWIFT_VERSION = 5.0;
				TARGETED_DEVICE_FAMILY = "1,2";
				TEST_HOST = "$(BUILT_PRODUCTS_DIR)/PiumsCliente.app/$(BUNDLE_EXECUTABLE_FOLDER_PATH)/PiumsCliente";
			};
			name = Release;
		};
		79514C3A2F88589000CB7190 /* Debug */ = {
			isa = XCBuildConfiguration;
			buildSettings = {
				CODE_SIGN_STYLE = Automatic;
				CURRENT_PROJECT_VERSION = 1;
				GENERATE_INFOPLIST_FILE = YES;
				INFOPLIST_KEY_CFBundleURLTypes = "com.googleusercontent.apps.967320828042-ro3iao8ol9i9tmhhjbf1uqdcjrotq4ii";
				MARKETING_VERSION = 1.0;
				PRODUCT_BUNDLE_IDENTIFIER = PIUMS.PiumsClienteUITests;
				PRODUCT_NAME = "$(TARGET_NAME)";
				STRING_CATALOG_GENERATE_SYMBOLS = NO;
				SWIFT_APPROACHABLE_CONCURRENCY = YES;
				SWIFT_EMIT_LOC_STRINGS = NO;
				SWIFT_UPCOMING_FEATURE_MEMBER_IMPORT_VISIBILITY = YES;
				SWIFT_VERSION = 5.0;
				TARGETED_DEVICE_FAMILY = "1,2";
				TEST_TARGET_NAME = PiumsCliente;
			};
			name = Debug;
		};
		79514C3B2F88589000CB7190 /* Release */ = {
			isa = XCBuildConfiguration;
			buildSettings = {
				CODE_SIGN_STYLE = Automatic;
				CURRENT_PROJECT_VERSION = 1;
				GENERATE_INFOPLIST_FILE = YES;
				INFOPLIST_KEY_CFBundleURLTypes = "com.googleusercontent.apps.967320828042-ro3iao8ol9i9tmhhjbf1uqdcjrotq4ii";
				MARKETING_VERSION = 1.0;
				PRODUCT_BUNDLE_IDENTIFIER = PIUMS.PiumsClienteUITests;
				PRODUCT_NAME = "$(TARGET_NAME)";
				STRING_CATALOG_GENERATE_SYMBOLS = NO;
				SWIFT_APPROACHABLE_CONCURRENCY = YES;
				SWIFT_EMIT_LOC_STRINGS = NO;
				SWIFT_UPCOMING_FEATURE_MEMBER_IMPORT_VISIBILITY = YES;
				SWIFT_VERSION = 5.0;
				TARGETED_DEVICE_FAMILY = "1,2";
				TEST_TARGET_NAME = PiumsCliente;
			};
			name = Release;
		};
/* End XCBuildConfiguration section */

/* Begin XCConfigurationList section */
		79514C0B2F88588F00CB7190 /* Build configuration list for PBXProject "PiumsCliente" */ = {
			isa = XCConfigurationList;
			buildConfigurations = (
				79514C312F88589000CB7190 /* Debug */,
				79514C322F88589000CB7190 /* Release */,
			);
			defaultConfigurationIsVisible = 0;
			defaultConfigurationName = Release;
		};
		79514C332F88589000CB7190 /* Build configuration list for PBXNativeTarget "PiumsCliente" */ = {
			isa = XCConfigurationList;
			buildConfigurations = (
				79514C342F88589000CB7190 /* Debug */,
				79514C352F88589000CB7190 /* Release */,
			);
			defaultConfigurationIsVisible = 0;
			defaultConfigurationName = Release;
		};
		79514C362F88589000CB7190 /* Build configuration list for PBXNativeTarget "PiumsClienteTests" */ = {
			isa = XCConfigurationList;
			buildConfigurations = (
				79514C372F88589000CB7190 /* Debug */,
				79514C382F88589000CB7190 /* Release */,
			);
			defaultConfigurationIsVisible = 0;
			defaultConfigurationName = Release;
		};
		79514C392F88589000CB7190 /* Build configuration list for PBXNativeTarget "PiumsClienteUITests" */ = {
			isa = XCConfigurationList;
			buildConfigurations = (
				79514C3A2F88589000CB7190 /* Debug */,
				79514C3B2F88589000CB7190 /* Release */,
			);
			defaultConfigurationIsVisible = 0;
			defaultConfigurationName = Release;
		};
/* End XCConfigurationList section */

/* Begin XCRemoteSwiftPackageReference section */
		AA000001000000000000001A /* XCRemoteSwiftPackageReference "GoogleSignIn-iOS" */ = {
			isa = XCRemoteSwiftPackageReference;
			repositoryURL = "https://github.com/google/GoogleSignIn-iOS.git";
			requirement = {
				kind = upToNextMajorVersion;
				minimumVersion = 8.0.0;
			};
		};
/* End XCRemoteSwiftPackageReference section */

/* Begin XCSwiftPackageProductDependency section */
		AA000001000000000000001B /* GoogleSignIn */ = {
			isa = XCSwiftPackageProductDependency;
			package = AA000001000000000000001A /* XCRemoteSwiftPackageReference "GoogleSignIn-iOS" */;
			productName = GoogleSignIn;
		};
		AA000001000000000000001C /* GoogleSignInSwift */ = {
			isa = XCSwiftPackageProductDependency;
			package = AA000001000000000000001A /* XCRemoteSwiftPackageReference "GoogleSignIn-iOS" */;
			productName = GoogleSignInSwift;
		};
/* End XCSwiftPackageProductDependency section */
	};
	rootObject = 79514C082F88588F00CB7190 /* Project object */;
}
